
Microsoft Visual Studio Solution File, Format Version 12.00
# Visual Studio 2013
VisualStudioVersion = 12.0.40629.0
MinimumVisualStudioVersion = 10.0.40219.1
Project("{FAE04EC0-301F-11D3-BF4B-00C04F79EFBC}") = "HandSightOnBodyInteractionRealTime", "HandSightOnBodyInteractionRealTime\HandSightOnBodyInteractionRealTime.csproj", "{56D403F6-C924-435A-B590-0CEE7A426503}"
EndProject
Project("{FAE04EC0-301F-11D3-BF4B-00C04F79EFBC}") = "HandSightLibrary", "HandSightLibrary\HandSightLibrary.csproj", "{4A1B3704-7A89-401E-AD99-8FF927DFD152}"
EndProject
Global
	GlobalSection(SolutionConfigurationPlatforms) = preSolution
		Debug|Any CPU = Debug|Any CPU
		Debug|x64 = Debug|x64
		Release|Any CPU = Release|Any CPU
		Release|x64 = Release|x64
	EndGlobalSection
	GlobalSection(ProjectConfigurationPlatforms) = postSolution
		{56D403F6-C924-435A-B590-0CEE7A426503}.Debug|Any CPU.ActiveCfg = Debug|Any CPU
		{56D403F6-C924-435A-B590-0CEE7A426503}.Debug|Any CPU.Build.0 = Debug|Any CPU
		{56D403F6-C924-435A-B590-0CEE7A426503}.Debug|x64.ActiveCfg = Debug|x64
		{56D403F6-C924-435A-B590-0CEE7A426503}.Debug|x64.Build.0 = Debug|x64
		{56D403F6-C924-435A-B590-0CEE7A426503}.Release|Any CPU.ActiveCfg = Release|Any CPU
		{56D403F6-C924-435A-B590-0CEE7A426503}.Release|Any CPU.Build.0 = Release|Any CPU
		{56D403F6-C924-435A-B590-0CEE7A426503}.Release|x64.ActiveCfg = Release|x64
		{56D403F6-C924-435A-B590-0CEE7A426503}.Release|x64.Build.0 = Release|x64
		{4A1B3704-7A89-401E-AD99-8FF927DFD152}.Debug|Any CPU.ActiveCfg = Debug|Any CPU
		{4A1B3704-7A89-401E-AD99-8FF927DFD152}.Debug|Any CPU.Build.0 = Debug|Any CPU
		{4A1B3704-7A89-401E-AD99-8FF927DFD152}.Debug|x64.ActiveCfg = Debug|x64
		{4A1B3704-7A89-401E-AD99-8FF927DFD152}.Debug|x64.Build.0 = Debug|x64
		{4A1B3704-7A89-401E-AD99-8FF927DFD152}.Release|Any CPU.ActiveCfg = Release|Any CPU
		{4A1B3704-7A89-401E-AD99-8FF927DFD152}.Release|Any CPU.Build.0 = Release|Any CPU
		{4A1B3704-7A89-401E-AD99-8FF927DFD152}.Release|x64.ActiveCfg = Release|x64
		{4A1B3704-7A89-401E-AD99-8FF927DFD152}.Release|x64.Build.0 = Release|x64
	EndGlobalSection
	GlobalSection(SolutionProperties) = preSolution
		HideSolutionNode = FALSE
	EndGlobalSection
EndGlobal
