
Microsoft Visual Studio Solution File, Format Version 12.00
# Visual Studio 14
VisualStudioVersion = 14.0.25420.1
MinimumVisualStudioVersion = 10.0.40219.1
Project("{FAE04EC0-301F-11D3-BF4B-00C04F79EFBC}") = "TouchCamRealTime", "TouchCamRealTime\TouchCamRealTime.csproj", "{56D403F6-C924-435A-B590-0CEE7A426503}"
EndProject
Project("{FAE04EC0-301F-11D3-BF4B-00C04F79EFBC}") = "TouchCamLibrary", "TouchCamLibrary\TouchCamLibrary.csproj", "{4A1B3704-7A89-401E-AD99-8FF927DFD152}"
EndProject
Project("{FAE04EC0-301F-11D3-BF4B-00C04F79EFBC}") = "TouchCamLibrary.ImageProcessing", "TouchCamLibraryGPU\TouchCamLibrary.ImageProcessing.csproj", "{A8E01CAC-2CD4-4AEC-AA6C-B6CB6FB78201}"
EndProject
Project("{FAE04EC0-301F-11D3-BF4B-00C04F79EFBC}") = "TouchCamCustomControls", "TouchCamCustomControls\TouchCamCustomControls.csproj", "{B2B17F25-94BD-4198-9BB6-6FC62C4BAF19}"
EndProject
Global
	GlobalSection(SolutionConfigurationPlatforms) = preSolution
		Debug|Any CPU = Debug|Any CPU
		Debug|x64 = Debug|x64
		Debug|x86 = Debug|x86
		Release|Any CPU = Release|Any CPU
		Release|x64 = Release|x64
		Release|x86 = Release|x86
	EndGlobalSection
	GlobalSection(ProjectConfigurationPlatforms) = postSolution
		{56D403F6-C924-435A-B590-0CEE7A426503}.Debug|Any CPU.ActiveCfg = Debug|Any CPU
		{56D403F6-C924-435A-B590-0CEE7A426503}.Debug|Any CPU.Build.0 = Debug|Any CPU
		{56D403F6-C924-435A-B590-0CEE7A426503}.Debug|x64.ActiveCfg = Debug|x64
		{56D403F6-C924-435A-B590-0CEE7A426503}.Debug|x64.Build.0 = Debug|x64
		{56D403F6-C924-435A-B590-0CEE7A426503}.Debug|x86.ActiveCfg = Debug|Any CPU
		{56D403F6-C924-435A-B590-0CEE7A426503}.Debug|x86.Build.0 = Debug|Any CPU
		{56D403F6-C924-435A-B590-0CEE7A426503}.Release|Any CPU.ActiveCfg = Release|Any CPU
		{56D403F6-C924-435A-B590-0CEE7A426503}.Release|Any CPU.Build.0 = Release|Any CPU
		{56D403F6-C924-435A-B590-0CEE7A426503}.Release|x64.ActiveCfg = Release|x64
		{56D403F6-C924-435A-B590-0CEE7A426503}.Release|x64.Build.0 = Release|x64
		{56D403F6-C924-435A-B590-0CEE7A426503}.Release|x86.ActiveCfg = Release|Any CPU
		{56D403F6-C924-435A-B590-0CEE7A426503}.Release|x86.Build.0 = Release|Any CPU
		{4A1B3704-7A89-401E-AD99-8FF927DFD152}.Debug|Any CPU.ActiveCfg = Debug|Any CPU
		{4A1B3704-7A89-401E-AD99-8FF927DFD152}.Debug|Any CPU.Build.0 = Debug|Any CPU
		{4A1B3704-7A89-401E-AD99-8FF927DFD152}.Debug|x64.ActiveCfg = Debug|x64
		{4A1B3704-7A89-401E-AD99-8FF927DFD152}.Debug|x64.Build.0 = Debug|x64
		{4A1B3704-7A89-401E-AD99-8FF927DFD152}.Debug|x86.ActiveCfg = Debug|Any CPU
		{4A1B3704-7A89-401E-AD99-8FF927DFD152}.Debug|x86.Build.0 = Debug|Any CPU
		{4A1B3704-7A89-401E-AD99-8FF927DFD152}.Release|Any CPU.ActiveCfg = Release|Any CPU
		{4A1B3704-7A89-401E-AD99-8FF927DFD152}.Release|Any CPU.Build.0 = Release|Any CPU
		{4A1B3704-7A89-401E-AD99-8FF927DFD152}.Release|x64.ActiveCfg = Release|x64
		{4A1B3704-7A89-401E-AD99-8FF927DFD152}.Release|x64.Build.0 = Release|x64
		{4A1B3704-7A89-401E-AD99-8FF927DFD152}.Release|x86.ActiveCfg = Release|Any CPU
		{4A1B3704-7A89-401E-AD99-8FF927DFD152}.Release|x86.Build.0 = Release|Any CPU
		{A8E01CAC-2CD4-4AEC-AA6C-B6CB6FB78201}.Debug|Any CPU.ActiveCfg = Debug|Any CPU
		{A8E01CAC-2CD4-4AEC-AA6C-B6CB6FB78201}.Debug|Any CPU.Build.0 = Debug|Any CPU
		{A8E01CAC-2CD4-4AEC-AA6C-B6CB6FB78201}.Debug|x64.ActiveCfg = Debug|Any CPU
		{A8E01CAC-2CD4-4AEC-AA6C-B6CB6FB78201}.Debug|x64.Build.0 = Debug|Any CPU
		{A8E01CAC-2CD4-4AEC-AA6C-B6CB6FB78201}.Debug|x86.ActiveCfg = Debug|Any CPU
		{A8E01CAC-2CD4-4AEC-AA6C-B6CB6FB78201}.Debug|x86.Build.0 = Debug|Any CPU
		{A8E01CAC-2CD4-4AEC-AA6C-B6CB6FB78201}.Release|Any CPU.ActiveCfg = Release|Any CPU
		{A8E01CAC-2CD4-4AEC-AA6C-B6CB6FB78201}.Release|Any CPU.Build.0 = Release|Any CPU
		{A8E01CAC-2CD4-4AEC-AA6C-B6CB6FB78201}.Release|x64.ActiveCfg = Release|Any CPU
		{A8E01CAC-2CD4-4AEC-AA6C-B6CB6FB78201}.Release|x64.Build.0 = Release|Any CPU
		{A8E01CAC-2CD4-4AEC-AA6C-B6CB6FB78201}.Release|x86.ActiveCfg = Release|x86
		{A8E01CAC-2CD4-4AEC-AA6C-B6CB6FB78201}.Release|x86.Build.0 = Release|x86
		{B2B17F25-94BD-4198-9BB6-6FC62C4BAF19}.Debug|Any CPU.ActiveCfg = Debug|Any CPU
		{B2B17F25-94BD-4198-9BB6-6FC62C4BAF19}.Debug|Any CPU.Build.0 = Debug|Any CPU
		{B2B17F25-94BD-4198-9BB6-6FC62C4BAF19}.Debug|x64.ActiveCfg = Debug|Any CPU
		{B2B17F25-94BD-4198-9BB6-6FC62C4BAF19}.Debug|x64.Build.0 = Debug|Any CPU
		{B2B17F25-94BD-4198-9BB6-6FC62C4BAF19}.Debug|x86.ActiveCfg = Debug|Any CPU
		{B2B17F25-94BD-4198-9BB6-6FC62C4BAF19}.Debug|x86.Build.0 = Debug|Any CPU
		{B2B17F25-94BD-4198-9BB6-6FC62C4BAF19}.Release|Any CPU.ActiveCfg = Release|Any CPU
		{B2B17F25-94BD-4198-9BB6-6FC62C4BAF19}.Release|Any CPU.Build.0 = Release|Any CPU
		{B2B17F25-94BD-4198-9BB6-6FC62C4BAF19}.Release|x64.ActiveCfg = Release|Any CPU
		{B2B17F25-94BD-4198-9BB6-6FC62C4BAF19}.Release|x64.Build.0 = Release|Any CPU
		{B2B17F25-94BD-4198-9BB6-6FC62C4BAF19}.Release|x86.ActiveCfg = Release|Any CPU
		{B2B17F25-94BD-4198-9BB6-6FC62C4BAF19}.Release|x86.Build.0 = Release|Any CPU
	EndGlobalSection
	GlobalSection(SolutionProperties) = preSolution
		HideSolutionNode = FALSE
	EndGlobalSection
EndGlobal
